{
  "name": "json-schema-test-suite",
  "version": "0.1.0",
  "lockfileVersion": 3,
  "requires": true,
  "packages": {
    "": {
      "name": "json-schema-test-suite",
      "version": "0.1.0",
      "license": "MIT",
      "dependencies": {
        "jsonschema": "^1.5.0"
      }
    },
    "node_modules/jsonschema": {
      "version": "1.5.0",
      "resolved": "https://registry.npmjs.org/jsonschema/-/jsonschema-1.5.0.tgz",
      "integrity": "sha512-K+A9hhqbn0f3pJX17Q/7H6yQfD/5OXgdrR5UE12gMXCiN9D5Xq2o5mddV2QEcX/bjla99ASsAAQUyMCCRWAEhw==",
      "license": "MIT",
      "engines": {
        "node": "*"
      }
    }
  }
}
